
Microsoft Visual Studio Solution File, Format Version 12.00
# Visual Studio 2012
Project("{FAE04EC0-301F-11D3-BF4B-00C04F79EFBC}") = "WebApplication3", "WebApplication3\WebApplication3.csproj", "{C431281F-B496-4AC2-85F3-5BD18ECA31E7}"
EndProject
Global
	GlobalSection(SolutionConfigurationPlatforms) = preSolution
		Debug|Any CPU = Debug|Any CPU
		Release|Any CPU = Release|Any CPU
	EndGlobalSection
	GlobalSection(ProjectConfigurationPlatforms) = postSolution
		{C431281F-B496-4AC2-85F3-5BD18ECA31E7}.Debug|Any CPU.ActiveCfg = Debug|Any CPU
		{C431281F-B496-4AC2-85F3-5BD18ECA31E7}.Debug|Any CPU.Build.0 = Debug|Any CPU
		{C431281F-B496-4AC2-85F3-5BD18ECA31E7}.Release|Any CPU.ActiveCfg = Release|Any CPU
		{C431281F-B496-4AC2-85F3-5BD18ECA31E7}.Release|Any CPU.Build.0 = Release|Any CPU
	EndGlobalSection
	GlobalSection(SolutionProperties) = preSolution
		HideSolutionNode = FALSE
	EndGlobalSection
EndGlobal
